github.com/gorilla/mux v1.8.0 h1:i40aqfkR1h2SlN9hojwV5ZA91wcXFOvkdNIeFDP5koI=
github.com/gorilla/mux v1.8.0/go.mod h1:DVbg23sWSpFRCP0SfiEN6jmj59UnW/n46BH5rLB71So=
github.com/mzohreva/GoGraphviz v0.0.0-20180226085351-533f4a37d9c6 h1:yd4o0qJNQc2PBlymcRCUHM0ltxciTkPjUuVTj8cDbLA=
github.com/mzohreva/GoGraphviz v0.0.0-20180226085351-533f4a37d9c6/go.mod h1:eILxk8m1m1XGxWu1nQHdKKKl/JnDltcRTe2n84cUWDw=
